
Microsoft Visual Studio Solution File, Format Version 12.00
# Visual Studio 15
VisualStudioVersion = 15.0.27703.2026
MinimumVisualStudioVersion = 10.0.40219.1
Project("{9A19103F-16F7-4668-BE54-9A1E7A4F7556}") = "WeChatPay", "WeChatPay\WeChatPay.csproj", "{16B63F53-05C6-4AD8-A255-04069FF90CDB}"
EndProject
Project("{FAE04EC0-301F-11D3-BF4B-00C04F79EFBC}") = "WeChatPay.AspNetCore", "WeChatPay.AspNetCore\WeChatPay.AspNetCore.csproj", "{2F1B157C-0E8D-42C3-80F8-6660F973331F}"
EndProject
Project("{FAE04EC0-301F-11D3-BF4B-00C04F79EFBC}") = "WeChatPay.Test", "WeChatPay.Test\WeChatPay.Test.csproj", "{47715775-EB45-4E87-B9B9-C760FB81A0B7}"
EndProject
Global
	GlobalSection(SolutionConfigurationPlatforms) = preSolution
		Debug|Any CPU = Debug|Any CPU
		Release|Any CPU = Release|Any CPU
	EndGlobalSection
	GlobalSection(ProjectConfigurationPlatforms) = postSolution
		{16B63F53-05C6-4AD8-A255-04069FF90CDB}.Debug|Any CPU.ActiveCfg = Debug|Any CPU
		{16B63F53-05C6-4AD8-A255-04069FF90CDB}.Debug|Any CPU.Build.0 = Debug|Any CPU
		{16B63F53-05C6-4AD8-A255-04069FF90CDB}.Release|Any CPU.ActiveCfg = Release|Any CPU
		{16B63F53-05C6-4AD8-A255-04069FF90CDB}.Release|Any CPU.Build.0 = Release|Any CPU
		{2F1B157C-0E8D-42C3-80F8-6660F973331F}.Debug|Any CPU.ActiveCfg = Debug|Any CPU
		{2F1B157C-0E8D-42C3-80F8-6660F973331F}.Debug|Any CPU.Build.0 = Debug|Any CPU
		{2F1B157C-0E8D-42C3-80F8-6660F973331F}.Release|Any CPU.ActiveCfg = Release|Any CPU
		{2F1B157C-0E8D-42C3-80F8-6660F973331F}.Release|Any CPU.Build.0 = Release|Any CPU
		{47715775-EB45-4E87-B9B9-C760FB81A0B7}.Debug|Any CPU.ActiveCfg = Debug|Any CPU
		{47715775-EB45-4E87-B9B9-C760FB81A0B7}.Debug|Any CPU.Build.0 = Debug|Any CPU
		{47715775-EB45-4E87-B9B9-C760FB81A0B7}.Release|Any CPU.ActiveCfg = Release|Any CPU
		{47715775-EB45-4E87-B9B9-C760FB81A0B7}.Release|Any CPU.Build.0 = Release|Any CPU
	EndGlobalSection
	GlobalSection(SolutionProperties) = preSolution
		HideSolutionNode = FALSE
	EndGlobalSection
	GlobalSection(ExtensibilityGlobals) = postSolution
		SolutionGuid = {8ACC9889-4CB8-4DB2-A004-6D69EB21C6B3}
	EndGlobalSection
EndGlobal
